Microsoft Visual Studio Solution File, Format Version 12.00
# Visual Studio Version 17
VisualStudioVersion = 17.5.2.0
MinimumVisualStudioVersion = 10.0.40219.1
Project("{FAE04EC0-301F-11D3-BF4B-00C04F79EFBC}") = "MemorySecurIT", "MemorySecurIT.csproj", "{B1713DA1-D7CF-9467-1818-B4D6A2A39E73}"
EndProject
Global
	GlobalSection(SolutionConfigurationPlatforms) = preSolution
		Debug|Any CPU = Debug|Any CPU
		Release|Any CPU = Release|Any CPU
	EndGlobalSection
	GlobalSection(ProjectConfigurationPlatforms) = postSolution
		{B1713DA1-D7CF-9467-1818-B4D6A2A39E73}.Debug|Any CPU.ActiveCfg = Debug|Any CPU
		{B1713DA1-D7CF-9467-1818-B4D6A2A39E73}.Debug|Any CPU.Build.0 = Debug|Any CPU
		{B1713DA1-D7CF-9467-1818-B4D6A2A39E73}.Release|Any CPU.ActiveCfg = Release|Any CPU
		{B1713DA1-D7CF-9467-1818-B4D6A2A39E73}.Release|Any CPU.Build.0 = Release|Any CPU
	EndGlobalSection
	GlobalSection(SolutionProperties) = preSolution
		HideSolutionNode = FALSE
	EndGlobalSection
	GlobalSection(ExtensibilityGlobals) = postSolution
		SolutionGuid = {B17E7949-5D13-48D0-A064-E07AE7B28A91}
	EndGlobalSection
EndGlobal
